
Microsoft Visual Studio Solution File, Format Version 12.00
# Visual Studio Version 17
VisualStudioVersion = 17.4.33213.308
MinimumVisualStudioVersion = 10.0.40219.1
Project("{9A19103F-16F7-4668-BE54-9A1E7A4F7556}") = "Hang_Man", "Hang_Man\Hang_Man.csproj", "{757B86B8-D3B6-44FF-97B8-E26FEB644153}"
EndProject
Project("{9A19103F-16F7-4668-BE54-9A1E7A4F7556}") = "Proj_examples", "Proj_examples\Proj_examples.csproj", "{77098CD7-1EA8-4E57-9319-68DC650411BB}"
EndProject
Project("{9A19103F-16F7-4668-BE54-9A1E7A4F7556}") = "EclipseProject", "EclipseProject\EclipseProject.csproj", "{2FA62CC0-97E6-4D5B-A1E6-69BC57245C27}"
EndProject
Project("{FAE04EC0-301F-11D3-BF4B-00C04F79EFBC}") = "test_hang", "test_hang\test_hang.csproj", "{70053F5F-4371-4866-B107-8D1B4F97EAB4}"
EndProject
Global
	GlobalSection(SolutionConfigurationPlatforms) = preSolution
		Debug|Any CPU = Debug|Any CPU
		Release|Any CPU = Release|Any CPU
	EndGlobalSection
	GlobalSection(ProjectConfigurationPlatforms) = postSolution
		{757B86B8-D3B6-44FF-97B8-E26FEB644153}.Debug|Any CPU.ActiveCfg = Debug|Any CPU
		{757B86B8-D3B6-44FF-97B8-E26FEB644153}.Debug|Any CPU.Build.0 = Debug|Any CPU
		{757B86B8-D3B6-44FF-97B8-E26FEB644153}.Release|Any CPU.ActiveCfg = Release|Any CPU
		{757B86B8-D3B6-44FF-97B8-E26FEB644153}.Release|Any CPU.Build.0 = Release|Any CPU
		{77098CD7-1EA8-4E57-9319-68DC650411BB}.Debug|Any CPU.ActiveCfg = Debug|Any CPU
		{77098CD7-1EA8-4E57-9319-68DC650411BB}.Debug|Any CPU.Build.0 = Debug|Any CPU
		{77098CD7-1EA8-4E57-9319-68DC650411BB}.Release|Any CPU.ActiveCfg = Release|Any CPU
		{77098CD7-1EA8-4E57-9319-68DC650411BB}.Release|Any CPU.Build.0 = Release|Any CPU
		{2FA62CC0-97E6-4D5B-A1E6-69BC57245C27}.Debug|Any CPU.ActiveCfg = Debug|Any CPU
		{2FA62CC0-97E6-4D5B-A1E6-69BC57245C27}.Debug|Any CPU.Build.0 = Debug|Any CPU
		{2FA62CC0-97E6-4D5B-A1E6-69BC57245C27}.Release|Any CPU.ActiveCfg = Release|Any CPU
		{2FA62CC0-97E6-4D5B-A1E6-69BC57245C27}.Release|Any CPU.Build.0 = Release|Any CPU
		{70053F5F-4371-4866-B107-8D1B4F97EAB4}.Debug|Any CPU.ActiveCfg = Debug|Any CPU
		{70053F5F-4371-4866-B107-8D1B4F97EAB4}.Debug|Any CPU.Build.0 = Debug|Any CPU
		{70053F5F-4371-4866-B107-8D1B4F97EAB4}.Release|Any CPU.ActiveCfg = Release|Any CPU
		{70053F5F-4371-4866-B107-8D1B4F97EAB4}.Release|Any CPU.Build.0 = Release|Any CPU
	EndGlobalSection
	GlobalSection(SolutionProperties) = preSolution
		HideSolutionNode = FALSE
	EndGlobalSection
	GlobalSection(ExtensibilityGlobals) = postSolution
		SolutionGuid = {57D48411-F8B9-40D5-81E6-CE00E32BAE5A}
	EndGlobalSection
EndGlobal
